// !$*UTF8*$!
{
	archiveVersion = 1;
	classes = {
	};
	objectVersion = 45;
	objects = {

/* Begin PBXBuildFile section */
		06202A7420FD9AEA00B5C572 /* libTYSDK.a in Frameworks */ = {isa = PBXBuildFile; fileRef = 06202A7120FD9AEA00B5C572 /* libTYSDK.a */; };
		06202A7520FD9AEA00B5C572 /* TYImage.bundle in Resources */ = {isa = PBXBuildFile; fileRef = 06202A7220FD9AEA00B5C572 /* TYImage.bundle */; };
		0661F36C20AEAE5400FB7795 /* AdSupport.framework in Frameworks */ = {isa = PBXBuildFile; fileRef = 0661F36B20AEAE5400FB7795 /* AdSupport.framework */; };
		0661F36E20AEAE5700FB7795 /* Security.framework in Frameworks */ = {isa = PBXBuildFile; fileRef = 0661F36D20AEAE5700FB7795 /* Security.framework */; };
		0661F37020AEAE5A00FB7795 /* WebKit.framework in Frameworks */ = {isa = PBXBuildFile; fileRef = 0661F36F20AEAE5A00FB7795 /* WebKit.framework */; };
		0661F37220AEAE6500FB7795 /* StoreKit.framework in Frameworks */ = {isa = PBXBuildFile; fileRef = 0661F37120AEAE6500FB7795 /* StoreKit.framework */; };
		068146A020D8F39300477FBF /* AppDelegate.m in Sources */ = {isa = PBXBuildFile; fileRef = 0681469620D8F39300477FBF /* AppDelegate.m */; };
		068146A120D8F39300477FBF /* Assets.xcassets in Resources */ = {isa = PBXBuildFile; fileRef = 0681469720D8F39300477FBF /* Assets.xcassets */; };
		068146A220D8F39300477FBF /* LaunchScreen.storyboard in Resources */ = {isa = PBXBuildFile; fileRef = 0681469820D8F39300477FBF /* LaunchScreen.storyboard */; };
		068146A320D8F39300477FBF /* Main.storyboard in Resources */ = {isa = PBXBuildFile; fileRef = 0681469A20D8F39300477FBF /* Main.storyboard */; };
		068146A520D8F39300477FBF /* ViewController.m in Sources */ = {isa = PBXBuildFile; fileRef = 0681469E20D8F39300477FBF /* ViewController.m */; };
		068146A620D8F39300477FBF /* main.m in Sources */ = {isa = PBXBuildFile; fileRef = 0681469F20D8F39300477FBF /* main.m */; };
/* End PBXBuildFile section */

/* Begin PBXFileReference section */
		06202A7020FD9AEA00B5C572 /* TYSDK.h */ = {isa = PBXFileReference; fileEncoding = 4; lastKnownFileType = sourcecode.c.h; path = TYSDK.h; sourceTree = "<group>"; };
		06202A7120FD9AEA00B5C572 /* libTYSDK.a */ = {isa = PBXFileReference; lastKnownFileType = archive.ar; path = libTYSDK.a; sourceTree = "<group>"; };
		06202A7220FD9AEA00B5C572 /* TYImage.bundle */ = {isa = PBXFileReference; lastKnownFileType = "wrapper.plug-in"; path = TYImage.bundle; sourceTree = "<group>"; };
		06202A7320FD9AEA00B5C572 /* TYReceiveDataModel.h */ = {isa = PBXFileReference; fileEncoding = 4; lastKnownFileType = sourcecode.c.h; path = TYReceiveDataModel.h; sourceTree = "<group>"; };
		0661F34A20AEAC9D00FB7795 /* YYJH-TYSDKDemo.app */ = {isa = PBXFileReference; explicitFileType = wrapper.application; includeInIndex = 0; path = "YYJH-TYSDKDemo.app"; sourceTree = BUILT_PRODUCTS_DIR; };
		0661F36B20AEAE5400FB7795 /* AdSupport.framework */ = {isa = PBXFileReference; lastKnownFileType = wrapper.framework; name = AdSupport.framework; path = System/Library/Frameworks/AdSupport.framework; sourceTree = SDKROOT; };
		0661F36D20AEAE5700FB7795 /* Security.framework */ = {isa = PBXFileReference; lastKnownFileType = wrapper.framework; name = Security.framework; path = System/Library/Frameworks/Security.framework; sourceTree = SDKROOT; };
		0661F36F20AEAE5A00FB7795 /* WebKit.framework */ = {isa = PBXFileReference; lastKnownFileType = wrapper.framework; name = WebKit.framework; path = System/Library/Frameworks/WebKit.framework; sourceTree = SDKROOT; };
		0661F37120AEAE6500FB7795 /* StoreKit.framework */ = {isa = PBXFileReference; lastKnownFileType = wrapper.framework; name = StoreKit.framework; path = System/Library/Frameworks/StoreKit.framework; sourceTree = SDKROOT; };
		0681469520D8F39300477FBF /* AppDelegate.h */ = {isa = PBXFileReference; fileEncoding = 4; lastKnownFileType = sourcecode.c.h; path = AppDelegate.h; sourceTree = "<group>"; };
		0681469620D8F39300477FBF /* AppDelegate.m */ = {isa = PBXFileReference; fileEncoding = 4; lastKnownFileType = sourcecode.c.objc; path = AppDelegate.m; sourceTree = "<group>"; };
		0681469720D8F39300477FBF /* Assets.xcassets */ = {isa = PBXFileReference; lastKnownFileType = folder.assetcatalog; path = Assets.xcassets; sourceTree = "<group>"; };
		0681469920D8F39300477FBF /* Base */ = {isa = PBXFileReference; lastKnownFileType = file.storyboard; name = Base; path = Base.lproj/LaunchScreen.storyboard; sourceTree = "<group>"; };
		0681469B20D8F39300477FBF /* Base */ = {isa = PBXFileReference; lastKnownFileType = file.storyboard; name = Base; path = Base.lproj/Main.storyboard; sourceTree = "<group>"; };
		0681469C20D8F39300477FBF /* Info.plist */ = {isa = PBXFileReference; fileEncoding = 4; lastKnownFileType = text.plist.xml; path = Info.plist; sourceTree = "<group>"; };
		0681469D20D8F39300477FBF /* ViewController.h */ = {isa = PBXFileReference; fileEncoding = 4; lastKnownFileType = sourcecode.c.h; path = ViewController.h; sourceTree = "<group>"; };
		0681469E20D8F39300477FBF /* ViewController.m */ = {isa = PBXFileReference; fileEncoding = 4; lastKnownFileType = sourcecode.c.objc; path = ViewController.m; sourceTree = "<group>"; };
		0681469F20D8F39300477FBF /* main.m */ = {isa = PBXFileReference; fileEncoding = 4; lastKnownFileType = sourcecode.c.objc; path = main.m; sourceTree = "<group>"; };
/* End PBXFileReference section */

/* Begin PBXFrameworksBuildPhase section */
		0661F34720AEAC9D00FB7795 /* Frameworks */ = {
			isa = PBXFrameworksBuildPhase;
			buildActionMask = 2147483647;
			files = (
				0661F37220AEAE6500FB7795 /* StoreKit.framework in Frameworks */,
				06202A7420FD9AEA00B5C572 /* libTYSDK.a in Frameworks */,
				0661F37020AEAE5A00FB7795 /* WebKit.framework in Frameworks */,
				0661F36E20AEAE5700FB7795 /* Security.framework in Frameworks */,
				0661F36C20AEAE5400FB7795 /* AdSupport.framework in Frameworks */,
			);
			runOnlyForDeploymentPostprocessing = 0;
		};
/* End PBXFrameworksBuildPhase section */

/* Begin PBXGroup section */
		06202A6F20FD9AEA00B5C572 /* TY_SDK1.3.0 */ = {
			isa = PBXGroup;
			children = (
				06202A7020FD9AEA00B5C572 /* TYSDK.h */,
				06202A7120FD9AEA00B5C572 /* libTYSDK.a */,
				06202A7220FD9AEA00B5C572 /* TYImage.bundle */,
				06202A7320FD9AEA00B5C572 /* TYReceiveDataModel.h */,
			);
			path = TY_SDK1.3.0;
			sourceTree = "<group>";
		};
		0661F34120AEAC9D00FB7795 = {
			isa = PBXGroup;
			children = (
				06202A6F20FD9AEA00B5C572 /* TY_SDK1.3.0 */,
				0681469420D8F39300477FBF /* YYJH-TYSDKDemo */,
				0661F34B20AEAC9D00FB7795 /* Products */,
				0661F36A20AEAE5400FB7795 /* Frameworks */,
			);
			sourceTree = "<group>";
		};
		0661F34B20AEAC9D00FB7795 /* Products */ = {
			isa = PBXGroup;
			children = (
				0661F34A20AEAC9D00FB7795 /* YYJH-TYSDKDemo.app */,
			);
			name = Products;
			sourceTree = "<group>";
		};
		0661F36A20AEAE5400FB7795 /* Frameworks */ = {
			isa = PBXGroup;
			children = (
				0661F37120AEAE6500FB7795 /* StoreKit.framework */,
				0661F36F20AEAE5A00FB7795 /* WebKit.framework */,
				0661F36D20AEAE5700FB7795 /* Security.framework */,
				0661F36B20AEAE5400FB7795 /* AdSupport.framework */,
			);
			name = Frameworks;
			sourceTree = "<group>";
		};
		0681469420D8F39300477FBF /* YYJH-TYSDKDemo */ = {
			isa = PBXGroup;
			children = (
				0681469520D8F39300477FBF /* AppDelegate.h */,
				0681469620D8F39300477FBF /* AppDelegate.m */,
				0681469720D8F39300477FBF /* Assets.xcassets */,
				0681469820D8F39300477FBF /* LaunchScreen.storyboard */,
				0681469A20D8F39300477FBF /* Main.storyboard */,
				0681469C20D8F39300477FBF /* Info.plist */,
				0681469D20D8F39300477FBF /* ViewController.h */,
				0681469E20D8F39300477FBF /* ViewController.m */,
				0681469F20D8F39300477FBF /* main.m */,
			);
			path = "YYJH-TYSDKDemo";
			sourceTree = "<group>";
		};
/* End PBXGroup section */

/* Begin PBXNativeTarget section */
		0661F34920AEAC9D00FB7795 /* YYJH-TYSDKDemo */ = {
			isa = PBXNativeTarget;
			buildConfigurationList = 0661F36020AEAC9F00FB7795 /* Build configuration list for PBXNativeTarget "YYJH-TYSDKDemo" */;
			buildPhases = (
				0661F34620AEAC9D00FB7795 /* Sources */,
				0661F34720AEAC9D00FB7795 /* Frameworks */,
				0661F34820AEAC9D00FB7795 /* Resources */,
			);
			buildRules = (
			);
			dependencies = (
			);
			name = "YYJH-TYSDKDemo";
			productName = "YYJH-OTSDKDemo";
			productReference = 0661F34A20AEAC9D00FB7795 /* YYJH-TYSDKDemo.app */;
			productType = "com.apple.product-type.application";
		};
/* End PBXNativeTarget section */

/* Begin PBXProject section */
		0661F34220AEAC9D00FB7795 /* Project object */ = {
			isa = PBXProject;
			attributes = {
				LastUpgradeCheck = 0930;
				ORGANIZATIONNAME = yyjh;
				TargetAttributes = {
					0661F34920AEAC9D00FB7795 = {
						CreatedOnToolsVersion = 9.3;
					};
				};
			};
			buildConfigurationList = 0661F34520AEAC9D00FB7795 /* Build configuration list for PBXProject "YYJH-TYSDKDemo" */;
			compatibilityVersion = "Xcode 3.1";
			developmentRegion = en;
			hasScannedForEncodings = 0;
			knownRegions = (
				en,
				Base,
			);
			mainGroup = 0661F34120AEAC9D00FB7795;
			productRefGroup = 0661F34B20AEAC9D00FB7795 /* Products */;
			projectDirPath = "";
			projectRoot = "";
			targets = (
				0661F34920AEAC9D00FB7795 /* YYJH-TYSDKDemo */,
			);
		};
/* End PBXProject section */

/* Begin PBXResourcesBuildPhase section */
		0661F34820AEAC9D00FB7795 /* Resources */ = {
			isa = PBXResourcesBuildPhase;
			buildActionMask = 2147483647;
			files = (
				068146A320D8F39300477FBF /* Main.storyboard in Resources */,
				068146A120D8F39300477FBF /* Assets.xcassets in Resources */,
				06202A7520FD9AEA00B5C572 /* TYImage.bundle in Resources */,
				068146A220D8F39300477FBF /* LaunchScreen.storyboard in Resources */,
			);
			runOnlyForDeploymentPostprocessing = 0;
		};
/* End PBXResourcesBuildPhase section */

/* Begin PBXSourcesBuildPhase section */
		0661F34620AEAC9D00FB7795 /* Sources */ = {
			isa = PBXSourcesBuildPhase;
			buildActionMask = 2147483647;
			files = (
				068146A520D8F39300477FBF /* ViewController.m in Sources */,
				068146A620D8F39300477FBF /* main.m in Sources */,
				068146A020D8F39300477FBF /* AppDelegate.m in Sources */,
			);
			runOnlyForDeploymentPostprocessing = 0;
		};
/* End PBXSourcesBuildPhase section */

/* Begin PBXVariantGroup section */
		0681469820D8F39300477FBF /* LaunchScreen.storyboard */ = {
			isa = PBXVariantGroup;
			children = (
				0681469920D8F39300477FBF /* Base */,
			);
			name = LaunchScreen.storyboard;
			sourceTree = "<group>";
		};
		0681469A20D8F39300477FBF /* Main.storyboard */ = {
			isa = PBXVariantGroup;
			children = (
				0681469B20D8F39300477FBF /* Base */,
			);
			name = Main.storyboard;
			sourceTree = "<group>";
		};
/* End PBXVariantGroup section */

/* Begin XCBuildConfiguration section */
		0661F35E20AEAC9F00FB7795 /* Debug */ = {
			isa = XCBuildConfiguration;
			buildSettings = {
				ALWAYS_SEARCH_USER_PATHS = NO;
				CLANG_ANALYZER_NONNULL = YES;
				CLANG_ANALYZER_NUMBER_OBJECT_CONVERSION = YES_AGGRESSIVE;
				CLANG_CXX_LANGUAGE_STANDARD = "gnu++14";
				CLANG_CXX_LIBRARY = "libc++";
				CLANG_ENABLE_MODULES = YES;
				CLANG_ENABLE_OBJC_ARC = YES;
				CLANG_ENABLE_OBJC_WEAK = YES;
				CLANG_WARN_BLOCK_CAPTURE_AUTORELEASING = YES;
				CLANG_WARN_BOOL_CONVERSION = YES;
				CLANG_WARN_COMMA = YES;
				CLANG_WARN_CONSTANT_CONVERSION = YES;
				CLANG_WARN_DEPRECATED_OBJC_IMPLEMENTATIONS = YES;
				CLANG_WARN_DIRECT_OBJC_ISA_USAGE = YES_ERROR;
				CLANG_WARN_DOCUMENTATION_COMMENTS = YES;
				CLANG_WARN_EMPTY_BODY = YES;
				CLANG_WARN_ENUM_CONVERSION = YES;
				CLANG_WARN_INFINITE_RECURSION = YES;
				CLANG_WARN_INT_CONVERSION = YES;
				CLANG_WARN_NON_LITERAL_NULL_CONVERSION = YES;
				CLANG_WARN_OBJC_IMPLICIT_RETAIN_SELF = YES;
				CLANG_WARN_OBJC_LITERAL_CONVERSION = YES;
				CLANG_WARN_OBJC_ROOT_CLASS = YES_ERROR;
				CLANG_WARN_RANGE_LOOP_ANALYSIS = YES;
				CLANG_WARN_STRICT_PROTOTYPES = YES;
				CLANG_WARN_SUSPICIOUS_MOVE = YES;
				CLANG_WARN_UNGUARDED_AVAILABILITY = YES_AGGRESSIVE;
				CLANG_WARN_UNREACHABLE_CODE = YES;
				CLANG_WARN__DUPLICATE_METHOD_MATCH = YES;
				CODE_SIGN_IDENTITY = "iPhone Developer";
				COPY_PHASE_STRIP = NO;
				DEBUG_INFORMATION_FORMAT = dwarf;
				ENABLE_STRICT_OBJC_MSGSEND = YES;
				ENABLE_TESTABILITY = YES;
				GCC_C_LANGUAGE_STANDARD = gnu11;
				GCC_DYNAMIC_NO_PIC = NO;
				GCC_NO_COMMON_BLOCKS = YES;
				GCC_OPTIMIZATION_LEVEL = 0;
				GCC_PREPROCESSOR_DEFINITIONS = (
					"DEBUG=1",
					"$(inherited)",
				);
				GCC_WARN_64_TO_32_BIT_CONVERSION = YES;
				GCC_WARN_ABOUT_RETURN_TYPE = YES_ERROR;
				GCC_WARN_UNDECLARED_SELECTOR = YES;
				GCC_WARN_UNINITIALIZED_AUTOS = YES_AGGRESSIVE;
				GCC_WARN_UNUSED_FUNCTION = YES;
				GCC_WARN_UNUSED_VARIABLE = YES;
				IPHONEOS_DEPLOYMENT_TARGET = 11.3;
				MTL_ENABLE_DEBUG_INFO = YES;
				ONLY_ACTIVE_ARCH = YES;
				SDKROOT = iphoneos;
			};
			name = Debug;
		};
		0661F35F20AEAC9F00FB7795 /* Release */ = {
			isa = XCBuildConfiguration;
			buildSettings = {
				ALWAYS_SEARCH_USER_PATHS = NO;
				CLANG_ANALYZER_NONNULL = YES;
				CLANG_ANALYZER_NUMBER_OBJECT_CONVERSION = YES_AGGRESSIVE;
				CLANG_CXX_LANGUAGE_STANDARD = "gnu++14";
				CLANG_CXX_LIBRARY = "libc++";
				CLANG_ENABLE_MODULES = YES;
				CLANG_ENABLE_OBJC_ARC = YES;
				CLANG_ENABLE_OBJC_WEAK = YES;
				CLANG_WARN_BLOCK_CAPTURE_AUTORELEASING = YES;
				CLANG_WARN_BOOL_CONVERSION = YES;
				CLANG_WARN_COMMA = YES;
				CLANG_WARN_CONSTANT_CONVERSION = YES;
				CLANG_WARN_DEPRECATED_OBJC_IMPLEMENTATIONS = YES;
				CLANG_WARN_DIRECT_OBJC_ISA_USAGE = YES_ERROR;
				CLANG_WARN_DOCUMENTATION_COMMENTS = YES;
				CLANG_WARN_EMPTY_BODY = YES;
				CLANG_WARN_ENUM_CONVERSION = YES;
				CLANG_WARN_INFINITE_RECURSION = YES;
				CLANG_WARN_INT_CONVERSION = YES;
				CLANG_WARN_NON_LITERAL_NULL_CONVERSION = YES;
				CLANG_WARN_OBJC_IMPLICIT_RETAIN_SELF = YES;
				CLANG_WARN_OBJC_LITERAL_CONVERSION = YES;
				CLANG_WARN_OBJC_ROOT_CLASS = YES_ERROR;
				CLANG_WARN_RANGE_LOOP_ANALYSIS = YES;
				CLANG_WARN_STRICT_PROTOTYPES = YES;
				CLANG_WARN_SUSPICIOUS_MOVE = YES;
				CLANG_WARN_UNGUARDED_AVAILABILITY = YES_AGGRESSIVE;
				CLANG_WARN_UNREACHABLE_CODE = YES;
				CLANG_WARN__DUPLICATE_METHOD_MATCH = YES;
				CODE_SIGN_IDENTITY = "iPhone Developer";
				COPY_PHASE_STRIP = NO;
				DEBUG_INFORMATION_FORMAT = "dwarf-with-dsym";
				ENABLE_NS_ASSERTIONS = NO;
				ENABLE_STRICT_OBJC_MSGSEND = YES;
				GCC_C_LANGUAGE_STANDARD = gnu11;
				GCC_NO_COMMON_BLOCKS = YES;
				GCC_WARN_64_TO_32_BIT_CONVERSION = YES;
				GCC_WARN_ABOUT_RETURN_TYPE = YES_ERROR;
				GCC_WARN_UNDECLARED_SELECTOR = YES;
				GCC_WARN_UNINITIALIZED_AUTOS = YES_AGGRESSIVE;
				GCC_WARN_UNUSED_FUNCTION = YES;
				GCC_WARN_UNUSED_VARIABLE = YES;
				IPHONEOS_DEPLOYMENT_TARGET = 11.3;
				MTL_ENABLE_DEBUG_INFO = NO;
				SDKROOT = iphoneos;
				VALIDATE_PRODUCT = YES;
			};
			name = Release;
		};
		0661F36120AEAC9F00FB7795 /* Debug */ = {
			isa = XCBuildConfiguration;
			buildSettings = {
				ASSETCATALOG_COMPILER_APPICON_NAME = AppIcon;
				CODE_SIGN_STYLE = Manual;
				DEVELOPMENT_TEAM = 86EG54K728;
				ENABLE_BITCODE = NO;
				INFOPLIST_FILE = "YYJH-TYSDKDemo/Info.plist";
				IPHONEOS_DEPLOYMENT_TARGET = 9.0;
				LD_RUNPATH_SEARCH_PATHS = "$(inherited) @executable_path/Frameworks";
				LIBRARY_SEARCH_PATHS = (
					"$(inherited)",
					"$(PROJECT_DIR)/TY_SDK1.3.0",
				);
				OTHER_LDFLAGS = "-ObjC";
				PRODUCT_BUNDLE_IDENTIFIER = com.dh2xc.cnhyw;
				PRODUCT_NAME = "$(TARGET_NAME)";
				PROVISIONING_PROFILE = "808a33f3-64c0-497a-9a91-91c1835d89b8";
				PROVISIONING_PROFILE_SPECIFIER = dh2xc_dev;
				TARGETED_DEVICE_FAMILY = "1,2";
			};
			name = Debug;
		};
		0661F36220AEAC9F00FB7795 /* Release */ = {
			isa = XCBuildConfiguration;
			buildSettings = {
				ASSETCATALOG_COMPILER_APPICON_NAME = AppIcon;
				CODE_SIGN_STYLE = Manual;
				DEVELOPMENT_TEAM = "";
				ENABLE_BITCODE = NO;
				INFOPLIST_FILE = "YYJH-TYSDKDemo/Info.plist";
				IPHONEOS_DEPLOYMENT_TARGET = 9.0;
				LD_RUNPATH_SEARCH_PATHS = "$(inherited) @executable_path/Frameworks";
				LIBRARY_SEARCH_PATHS = (
					"$(inherited)",
					"$(PROJECT_DIR)/TY_SDK1.3.0",
				);
				OTHER_LDFLAGS = "-ObjC";
				PRODUCT_BUNDLE_IDENTIFIER = com.dh2xc.cnhyw;
				PRODUCT_NAME = "$(TARGET_NAME)";
				PROVISIONING_PROFILE_SPECIFIER = "";
				TARGETED_DEVICE_FAMILY = "1,2";
			};
			name = Release;
		};
/* End XCBuildConfiguration section */

/* Begin XCConfigurationList section */
		0661F34520AEAC9D00FB7795 /* Build configuration list for PBXProject "YYJH-TYSDKDemo" */ = {
			isa = XCConfigurationList;
			buildConfigurations = (
				0661F35E20AEAC9F00FB7795 /* Debug */,
				0661F35F20AEAC9F00FB7795 /* Release */,
			);
			defaultConfigurationIsVisible = 0;
			defaultConfigurationName = Release;
		};
		0661F36020AEAC9F00FB7795 /* Build configuration list for PBXNativeTarget "YYJH-TYSDKDemo" */ = {
			isa = XCConfigurationList;
			buildConfigurations = (
				0661F36120AEAC9F00FB7795 /* Debug */,
				0661F36220AEAC9F00FB7795 /* Release */,
			);
			defaultConfigurationIsVisible = 0;
			defaultConfigurationName = Release;
		};
/* End XCConfigurationList section */
	};
	rootObject = 0661F34220AEAC9D00FB7795 /* Project object */;
}
