// !$*UTF8*$!
{
	archiveVersion = 1;
	classes = {
	};
	objectVersion = 46;
	objects = {

/* Begin PBXBuildFile section */
		043975B02109C22F00D3996F /* UIKit.framework in Frameworks */ = {isa = PBXBuildFile; fileRef = 043975AF2109C22F00D3996F /* UIKit.framework */; };
		048074D9210890EA0097051D /* libTYSDK.a in Frameworks */ = {isa = PBXBuildFile; fileRef = 048074D3210890EA0097051D /* libTYSDK.a */; };
		048074DA210890EA0097051D /* OrzOSDKBranch_TYSDK.mm in Sources */ = {isa = PBXBuildFile; fileRef = 048074D8210890EA0097051D /* OrzOSDKBranch_TYSDK.mm */; };
/* End PBXBuildFile section */

/* Begin PBXCopyFilesBuildPhase section */
		42FFDBA21F6113100032392E /* CopyFiles */ = {
			isa = PBXCopyFilesBuildPhase;
			buildActionMask = 2147483647;
			dstPath = "include/$(PRODUCT_NAME)";
			dstSubfolderSpec = 16;
			files = (
			);
			runOnlyForDeploymentPostprocessing = 0;
		};
/* End PBXCopyFilesBuildPhase section */

/* Begin PBXFileReference section */
		043975AF2109C22F00D3996F /* UIKit.framework */ = {isa = PBXFileReference; lastKnownFileType = wrapper.framework; name = UIKit.framework; path = System/Library/Frameworks/UIKit.framework; sourceTree = SDKROOT; };
		048074D2210890EA0097051D /* TYSDK.h */ = {isa = PBXFileReference; fileEncoding = 4; lastKnownFileType = sourcecode.c.h; path = TYSDK.h; sourceTree = "<group>"; };
		048074D3210890EA0097051D /* libTYSDK.a */ = {isa = PBXFileReference; lastKnownFileType = archive.ar; path = libTYSDK.a; sourceTree = "<group>"; };
		048074D4210890EA0097051D /* TYImage.bundle */ = {isa = PBXFileReference; lastKnownFileType = "wrapper.plug-in"; path = TYImage.bundle; sourceTree = "<group>"; };
		048074D5210890EA0097051D /* TYReceiveDataModel.h */ = {isa = PBXFileReference; fileEncoding = 4; lastKnownFileType = sourcecode.c.h; path = TYReceiveDataModel.h; sourceTree = "<group>"; };
		048074D7210890EA0097051D /* OrzOSDKBranch_TYSDK.h */ = {isa = PBXFileReference; fileEncoding = 4; lastKnownFileType = sourcecode.c.h; path = OrzOSDKBranch_TYSDK.h; sourceTree = "<group>"; };
		048074D8210890EA0097051D /* OrzOSDKBranch_TYSDK.mm */ = {isa = PBXFileReference; fileEncoding = 4; lastKnownFileType = sourcecode.cpp.objcpp; path = OrzOSDKBranch_TYSDK.mm; sourceTree = "<group>"; };
		42FFDBA41F6113100032392E /* libOrzOSDKBranch_TYSDK.a */ = {isa = PBXFileReference; explicitFileType = archive.ar; includeInIndex = 0; path = libOrzOSDKBranch_TYSDK.a; sourceTree = BUILT_PRODUCTS_DIR; };
/* End PBXFileReference section */

/* Begin PBXFrameworksBuildPhase section */
		42FFDBA11F6113100032392E /* Frameworks */ = {
			isa = PBXFrameworksBuildPhase;
			buildActionMask = 2147483647;
			files = (
				043975B02109C22F00D3996F /* UIKit.framework in Frameworks */,
				048074D9210890EA0097051D /* libTYSDK.a in Frameworks */,
			);
			runOnlyForDeploymentPostprocessing = 0;
		};
/* End PBXFrameworksBuildPhase section */

/* Begin PBXGroup section */
		043975AE2109C22F00D3996F /* Frameworks */ = {
			isa = PBXGroup;
			children = (
				043975AF2109C22F00D3996F /* UIKit.framework */,
			);
			name = Frameworks;
			sourceTree = "<group>";
		};
		048074D1210890EA0097051D /* TYSDK */ = {
			isa = PBXGroup;
			children = (
				048074D2210890EA0097051D /* TYSDK.h */,
				048074D3210890EA0097051D /* libTYSDK.a */,
				048074D4210890EA0097051D /* TYImage.bundle */,
				048074D5210890EA0097051D /* TYReceiveDataModel.h */,
			);
			path = TYSDK;
			sourceTree = "<group>";
		};
		048074D6210890EA0097051D /* OrzOSDKBranch_TYSDK */ = {
			isa = PBXGroup;
			children = (
				048074D7210890EA0097051D /* OrzOSDKBranch_TYSDK.h */,
				048074D8210890EA0097051D /* OrzOSDKBranch_TYSDK.mm */,
			);
			path = OrzOSDKBranch_TYSDK;
			sourceTree = "<group>";
		};
		42FFDB9B1F6113100032392E = {
			isa = PBXGroup;
			children = (
				048074D6210890EA0097051D /* OrzOSDKBranch_TYSDK */,
				048074D1210890EA0097051D /* TYSDK */,
				42FFDBA51F6113100032392E /* Products */,
				043975AE2109C22F00D3996F /* Frameworks */,
			);
			sourceTree = "<group>";
		};
		42FFDBA51F6113100032392E /* Products */ = {
			isa = PBXGroup;
			children = (
				42FFDBA41F6113100032392E /* libOrzOSDKBranch_TYSDK.a */,
			);
			name = Products;
			sourceTree = "<group>";
		};
/* End PBXGroup section */

/* Begin PBXNativeTarget section */
		42FFDBA31F6113100032392E /* OrzOSDKBranch_TYSDK */ = {
			isa = PBXNativeTarget;
			buildConfigurationList = 42FFDBAD1F6113100032392E /* Build configuration list for PBXNativeTarget "OrzOSDKBranch_TYSDK" */;
			buildPhases = (
				42FFDBA01F6113100032392E /* Sources */,
				42FFDBA11F6113100032392E /* Frameworks */,
				42FFDBA21F6113100032392E /* CopyFiles */,
			);
			buildRules = (
			);
			dependencies = (
			);
			name = OrzOSDKBranch_TYSDK;
			productName = JuHeContainer_Test;
			productReference = 42FFDBA41F6113100032392E /* libOrzOSDKBranch_TYSDK.a */;
			productType = "com.apple.product-type.library.static";
		};
/* End PBXNativeTarget section */

/* Begin PBXProject section */
		42FFDB9C1F6113100032392E /* Project object */ = {
			isa = PBXProject;
			attributes = {
				LastUpgradeCheck = 0830;
				ORGANIZATIONNAME = "514713374@qq.com";
				TargetAttributes = {
					42FFDBA31F6113100032392E = {
						CreatedOnToolsVersion = 8.3.3;
						ProvisioningStyle = Automatic;
					};
				};
			};
			buildConfigurationList = 42FFDB9F1F6113100032392E /* Build configuration list for PBXProject "OrzOSDKBranch_TYSDK" */;
			compatibilityVersion = "Xcode 3.2";
			developmentRegion = English;
			hasScannedForEncodings = 0;
			knownRegions = (
				en,
			);
			mainGroup = 42FFDB9B1F6113100032392E;
			productRefGroup = 42FFDBA51F6113100032392E /* Products */;
			projectDirPath = "";
			projectRoot = "";
			targets = (
				42FFDBA31F6113100032392E /* OrzOSDKBranch_TYSDK */,
			);
		};
/* End PBXProject section */

/* Begin PBXSourcesBuildPhase section */
		42FFDBA01F6113100032392E /* Sources */ = {
			isa = PBXSourcesBuildPhase;
			buildActionMask = 2147483647;
			files = (
				048074DA210890EA0097051D /* OrzOSDKBranch_TYSDK.mm in Sources */,
			);
			runOnlyForDeploymentPostprocessing = 0;
		};
/* End PBXSourcesBuildPhase section */

/* Begin XCBuildConfiguration section */
		42FFDBAB1F6113100032392E /* Debug */ = {
			isa = XCBuildConfiguration;
			buildSettings = {
				ALWAYS_SEARCH_USER_PATHS = NO;
				CLANG_ANALYZER_NONNULL = YES_NONAGGRESSIVE;
				CLANG_ANALYZER_NUMBER_OBJECT_CONVERSION = YES;
				CLANG_CXX_LANGUAGE_STANDARD = "gnu++0x";
				CLANG_CXX_LIBRARY = "libc++";
				CLANG_ENABLE_MODULES = YES;
				CLANG_ENABLE_OBJC_ARC = YES;
				CLANG_WARN_BOOL_CONVERSION = YES;
				CLANG_WARN_CONSTANT_CONVERSION = YES;
				CLANG_WARN_DIRECT_OBJC_ISA_USAGE = YES_ERROR;
				CLANG_WARN_DOCUMENTATION_COMMENTS = NO;
				CLANG_WARN_EMPTY_BODY = YES;
				CLANG_WARN_ENUM_CONVERSION = YES;
				CLANG_WARN_INFINITE_RECURSION = NO;
				CLANG_WARN_INT_CONVERSION = YES;
				CLANG_WARN_OBJC_ROOT_CLASS = YES_ERROR;
				CLANG_WARN_SUSPICIOUS_MOVE = NO;
				CLANG_WARN_UNREACHABLE_CODE = YES;
				CLANG_WARN__DUPLICATE_METHOD_MATCH = YES;
				"CODE_SIGN_IDENTITY[sdk=iphoneos*]" = "";
				COPY_PHASE_STRIP = NO;
				DEBUG_INFORMATION_FORMAT = dwarf;
				ENABLE_STRICT_OBJC_MSGSEND = YES;
				ENABLE_TESTABILITY = NO;
				GCC_C_LANGUAGE_STANDARD = gnu99;
				GCC_DYNAMIC_NO_PIC = NO;
				GCC_NO_COMMON_BLOCKS = NO;
				GCC_OPTIMIZATION_LEVEL = 0;
				GCC_PREPROCESSOR_DEFINITIONS = (
					"DEBUG=1",
					"$(inherited)",
				);
				GCC_WARN_64_TO_32_BIT_CONVERSION = YES;
				GCC_WARN_ABOUT_RETURN_TYPE = YES_ERROR;
				GCC_WARN_UNDECLARED_SELECTOR = YES;
				GCC_WARN_UNINITIALIZED_AUTOS = YES_AGGRESSIVE;
				GCC_WARN_UNUSED_FUNCTION = YES;
				GCC_WARN_UNUSED_VARIABLE = YES;
				IPHONEOS_DEPLOYMENT_TARGET = 8.0;
				MTL_ENABLE_DEBUG_INFO = YES;
				ONLY_ACTIVE_ARCH = NO;
				SDKROOT = iphoneos;
			};
			name = Debug;
		};
		42FFDBAC1F6113100032392E /* Release */ = {
			isa = XCBuildConfiguration;
			buildSettings = {
				ALWAYS_SEARCH_USER_PATHS = NO;
				CLANG_ANALYZER_NONNULL = YES_NONAGGRESSIVE;
				CLANG_ANALYZER_NUMBER_OBJECT_CONVERSION = YES;
				CLANG_CXX_LANGUAGE_STANDARD = "gnu++0x";
				CLANG_CXX_LIBRARY = "libc++";
				CLANG_ENABLE_MODULES = YES;
				CLANG_ENABLE_OBJC_ARC = YES;
				CLANG_WARN_BOOL_CONVERSION = YES;
				CLANG_WARN_CONSTANT_CONVERSION = YES;
				CLANG_WARN_DIRECT_OBJC_ISA_USAGE = YES_ERROR;
				CLANG_WARN_DOCUMENTATION_COMMENTS = NO;
				CLANG_WARN_EMPTY_BODY = YES;
				CLANG_WARN_ENUM_CONVERSION = YES;
				CLANG_WARN_INFINITE_RECURSION = NO;
				CLANG_WARN_INT_CONVERSION = YES;
				CLANG_WARN_OBJC_ROOT_CLASS = YES_ERROR;
				CLANG_WARN_SUSPICIOUS_MOVE = NO;
				CLANG_WARN_UNREACHABLE_CODE = YES;
				CLANG_WARN__DUPLICATE_METHOD_MATCH = YES;
				"CODE_SIGN_IDENTITY[sdk=iphoneos*]" = "";
				COPY_PHASE_STRIP = NO;
				DEBUG_INFORMATION_FORMAT = "dwarf-with-dsym";
				ENABLE_NS_ASSERTIONS = NO;
				ENABLE_STRICT_OBJC_MSGSEND = YES;
				ENABLE_TESTABILITY = NO;
				GCC_C_LANGUAGE_STANDARD = gnu99;
				GCC_NO_COMMON_BLOCKS = NO;
				GCC_WARN_64_TO_32_BIT_CONVERSION = YES;
				GCC_WARN_ABOUT_RETURN_TYPE = YES_ERROR;
				GCC_WARN_UNDECLARED_SELECTOR = YES;
				GCC_WARN_UNINITIALIZED_AUTOS = YES_AGGRESSIVE;
				GCC_WARN_UNUSED_FUNCTION = YES;
				GCC_WARN_UNUSED_VARIABLE = YES;
				IPHONEOS_DEPLOYMENT_TARGET = 8.0;
				MTL_ENABLE_DEBUG_INFO = NO;
				SDKROOT = iphoneos;
				VALIDATE_PRODUCT = YES;
			};
			name = Release;
		};
		42FFDBAE1F6113100032392E /* Debug */ = {
			isa = XCBuildConfiguration;
			buildSettings = {
				ENABLE_BITCODE = YES;
				FRAMEWORK_SEARCH_PATHS = (
					"$(inherited)",
					"$(PROJECT_DIR)/HuoSDK",
				);
				HEADER_SEARCH_PATHS = "$(PROJECT_DIR)/../../OrzOSDKCode/OrzOSDK/OrzOSDK";
				LIBRARY_SEARCH_PATHS = (
					"$(inherited)",
					"$(PROJECT_DIR)/TYSDK",
				);
				ONLY_ACTIVE_ARCH = NO;
				OTHER_LDFLAGS = "-ObjC";
				PRODUCT_NAME = "$(TARGET_NAME)";
				SKIP_INSTALL = YES;
			};
			name = Debug;
		};
		42FFDBAF1F6113100032392E /* Release */ = {
			isa = XCBuildConfiguration;
			buildSettings = {
				ENABLE_BITCODE = YES;
				FRAMEWORK_SEARCH_PATHS = (
					"$(inherited)",
					"$(PROJECT_DIR)/HuoSDK",
				);
				HEADER_SEARCH_PATHS = "$(PROJECT_DIR)/../../OrzOSDKCode/OrzOSDK/OrzOSDK";
				LIBRARY_SEARCH_PATHS = (
					"$(inherited)",
					"$(PROJECT_DIR)/TYSDK",
				);
				OTHER_LDFLAGS = "-ObjC";
				PRODUCT_NAME = "$(TARGET_NAME)";
				SKIP_INSTALL = YES;
			};
			name = Release;
		};
/* End XCBuildConfiguration section */

/* Begin XCConfigurationList section */
		42FFDB9F1F6113100032392E /* Build configuration list for PBXProject "OrzOSDKBranch_TYSDK" */ = {
			isa = XCConfigurationList;
			buildConfigurations = (
				42FFDBAB1F6113100032392E /* Debug */,
				42FFDBAC1F6113100032392E /* Release */,
			);
			defaultConfigurationIsVisible = 0;
			defaultConfigurationName = Release;
		};
		42FFDBAD1F6113100032392E /* Build configuration list for PBXNativeTarget "OrzOSDKBranch_TYSDK" */ = {
			isa = XCConfigurationList;
			buildConfigurations = (
				42FFDBAE1F6113100032392E /* Debug */,
				42FFDBAF1F6113100032392E /* Release */,
			);
			defaultConfigurationIsVisible = 0;
			defaultConfigurationName = Release;
		};
/* End XCConfigurationList section */
	};
	rootObject = 42FFDB9C1F6113100032392E /* Project object */;
}
